Microsoft Visual Studio Solution File, Format Version 11.00
# Visual Studio 2008

Project("{A07442A6-DACA-FAF0-8736-AD0832AB0D41}") = "wrokshop", "Assembly-CSharp-firstpass.csproj", "{9B509079-CB2F-E487-D66F-0802146BF919}"
EndProject
Project("{A07442A6-DACA-FAF0-8736-AD0832AB0D41}") = "wrokshop", "Assembly-CSharp.csproj", "{8226EEBC-BB0B-140B-E563-44E9AD9A5ABC}"
EndProject
Project("{A07442A6-DACA-FAF0-8736-AD0832AB0D41}") = "wrokshop", "Assembly-CSharp-Editor.csproj", "{6115ECF9-28BA-1360-7C94-AA87C7B02FB4}"
EndProject
Global
	GlobalSection(SolutionConfigurationPlatforms) = preSolution
		Debug|Any CPU = Debug|Any CPU
		Release|Any CPU = Release|Any CPU
	EndGlobalSection
	GlobalSection(ProjectConfigurationPlatforms) = postSolution
		{9B509079-CB2F-E487-D66F-0802146BF919}.Debug|Any CPU.ActiveCfg = Debug|Any CPU
		{9B509079-CB2F-E487-D66F-0802146BF919}.Debug|Any CPU.Build.0 = Debug|Any CPU
		{9B509079-CB2F-E487-D66F-0802146BF919}.Release|Any CPU.ActiveCfg = Release|Any CPU
		{9B509079-CB2F-E487-D66F-0802146BF919}.Release|Any CPU.Build.0 = Release|Any CPU
		{8226EEBC-BB0B-140B-E563-44E9AD9A5ABC}.Debug|Any CPU.ActiveCfg = Debug|Any CPU
		{8226EEBC-BB0B-140B-E563-44E9AD9A5ABC}.Debug|Any CPU.Build.0 = Debug|Any CPU
		{8226EEBC-BB0B-140B-E563-44E9AD9A5ABC}.Release|Any CPU.ActiveCfg = Release|Any CPU
		{8226EEBC-BB0B-140B-E563-44E9AD9A5ABC}.Release|Any CPU.Build.0 = Release|Any CPU
		{6115ECF9-28BA-1360-7C94-AA87C7B02FB4}.Debug|Any CPU.ActiveCfg = Debug|Any CPU
		{6115ECF9-28BA-1360-7C94-AA87C7B02FB4}.Debug|Any CPU.Build.0 = Debug|Any CPU
		{6115ECF9-28BA-1360-7C94-AA87C7B02FB4}.Release|Any CPU.ActiveCfg = Release|Any CPU
		{6115ECF9-28BA-1360-7C94-AA87C7B02FB4}.Release|Any CPU.Build.0 = Release|Any CPU
	EndGlobalSection
	GlobalSection(SolutionProperties) = preSolution
		HideSolutionNode = FALSE
	EndGlobalSection
	GlobalSection(MonoDevelopProperties) = preSolution
		StartupItem = Assembly-CSharp.csproj
	EndGlobalSection
EndGlobal
